#MicroXplorer Configuration settings - do not modify
Mcu.Family=STM32F7
NVIC.USART3_IRQn=true\:0\:0\:false\:false\:true\:true\:true
Dma.USART3_RX.0.Instance=DMA1_Stream1
ProjectManager.MainLocation=Core/Src
RCC.I2SFreq_Value=96000000
Dma.USART3_TX.1.MemDataAlignment=DMA_MDATAALIGN_BYTE
ProjectManager.ProjectFileName=NG_v1.ioc
Dma.USART3_RX.0.PeriphInc=DMA_PINC_DISABLE
RCC.SAI1Freq_Value=96000000
ProjectManager.KeepUserCode=true
Mcu.UserName=STM32F746IGTx
Mcu.PinsNb=11
ProjectManager.NoMain=false
Dma.USART3_TX.1.MemInc=DMA_MINC_ENABLE
RCC.PLLCLKFreq_Value=96000000
RCC.PLLQCLKFreq_Value=96000000
Dma.USART3_TX.1.PeriphDataAlignment=DMA_PDATAALIGN_BYTE
ProjectManager.functionlistsort=1-MX_GPIO_Init-GPIO-false-HAL-true,2-MX_DMA_Init-DMA-false-HAL-true,3-SystemClock_Config-RCC-false-HAL-false,4-MX_USART3_UART_Init-USART3-false-HAL-true,0-MX_CORTEX_M7_Init-CORTEX_M7-false-HAL-true
PD8.Locked=true
ProjectManager.DefaultFWLocation=true
PB6.GPIO_Label=LED1
PD9.Signal=USART3_RX
PC14/OSC32_IN.Mode=LSE-External-Oscillator
RCC.PLLI2SRCLKFreq_Value=96000000
NVIC.DMA1_Stream1_IRQn=true\:0\:0\:false\:false\:true\:false\:true
Dma.USART3_TX.1.Instance=DMA1_Stream3
ProjectManager.DeletePrevious=true
RCC.LCDTFToutputFreq_Value=48000000
PD9.Mode=Asynchronous
PinOutPanel.RotationAngle=0
RCC.FamilyName=M
ProjectManager.StackSize=0x400
Dma.USART3_RX.0.Mode=DMA_CIRCULAR
USART3.VirtualMode-Asynchronous=VM_ASYNC
PA13.Signal=SYS_JTMS-SWDIO
Mcu.IP4=SYS
Mcu.IP5=USART3
Mcu.IP2=NVIC
NVIC.SVCall_IRQn=true\:0\:0\:false\:false\:true\:false\:false
Mcu.IP3=RCC
Mcu.IP0=CORTEX_M7
Mcu.IP1=DMA
USART3.BaudRate=57600
Mcu.UserConstants=
ProjectManager.TargetToolchain=STM32CubeIDE
RCC.SDMMCFreq_Value=16000000
Mcu.ThirdPartyNb=0
Dma.USART3_TX.1.RequestParameters=Instance,Direction,PeriphInc,MemInc,PeriphDataAlignment,MemDataAlignment,Mode,Priority,FIFOMode
PH0/OSC_IN.Mode=HSE-External-Oscillator
PB7.GPIOParameters=GPIO_Label
Mcu.IPNb=6
ProjectManager.PreviousToolchain=
PB6.Signal=GPIO_Output
RCC.SPDIFRXFreq_Value=96000000
PH1/OSC_OUT.Signal=RCC_OSC_OUT
Mcu.Pin6=PA13
RCC.SAI2Freq_Value=96000000
PD8.Signal=USART3_TX
Mcu.Pin7=PA14
ProjectManager.RegisterCallBack=
Mcu.Pin8=PB6
RCC.USBFreq_Value=96000000
Mcu.Pin9=PB7
RCC.VCOSAIOutputFreq_Value=192000000
RCC.PLLSAIoutputFreq_Value=96000000
PD8.Mode=Asynchronous
Mcu.Pin0=PC14/OSC32_IN
Mcu.Pin1=PC15/OSC32_OUT
Mcu.Pin2=PH0/OSC_IN
Mcu.Pin3=PH1/OSC_OUT
Mcu.Pin4=PD8
RCC.VCOI2SOutputFreq_Value=192000000
Mcu.Pin5=PD9
RCC.PLLSAIRCLKFreq_Value=96000000
ProjectManager.ProjectBuild=false
RCC.HSE_VALUE=25000000
NVIC.UsageFault_IRQn=true\:0\:0\:false\:false\:true\:false\:false
Dma.USART3_RX.0.MemDataAlignment=DMA_MDATAALIGN_BYTE
NVIC.DebugMonitor_IRQn=true\:0\:0\:false\:false\:true\:false\:false
RCC.PLLSAIPCLKFreq_Value=96000000
board=custom
Dma.USART3_TX.1.Mode=DMA_NORMAL
RCC.VCOOutputFreq_Value=192000000
NVIC.SysTick_IRQn=true\:0\:0\:false\:false\:true\:false\:true
ProjectManager.LastFirmware=true
ProjectManager.FirmwarePackage=STM32Cube FW_F7 V1.16.1
PH0/OSC_IN.Signal=RCC_OSC_IN
MxDb.Version=DB.6.0.21
ProjectManager.BackupPrevious=false
MxCube.Version=6.2.1
RCC.VCOInputFreq_Value=1000000
RCC.PLLI2SPCLKFreq_Value=96000000
PA14.Mode=Serial_Wire
RCC.RNGFreq_Value=96000000
File.Version=6
VP_SYS_VS_Systick.Mode=SysTick
Dma.USART3_RX.0.PeriphDataAlignment=DMA_PDATAALIGN_BYTE
PB7.Signal=GPIO_Output
Dma.USART3_RX.0.FIFOMode=DMA_FIFOMODE_DISABLE
NVIC.NonMaskableInt_IRQn=true\:0\:0\:false\:false\:true\:false\:false
PB6.Locked=true
NVIC.PendSV_IRQn=true\:0\:0\:false\:false\:true\:false\:false
PA13.Mode=Serial_Wire
ProjectManager.FreePins=false
RCC.IPParameters=CECFreq_Value,FamilyName,HSE_VALUE,HSI_VALUE,I2SFreq_Value,LCDTFToutputFreq_Value,LSI_VALUE,PLLCLKFreq_Value,PLLI2SPCLKFreq_Value,PLLI2SQCLKFreq_Value,PLLI2SRCLKFreq_Value,PLLQCLKFreq_Value,PLLSAIPCLKFreq_Value,PLLSAIQCLKFreq_Value,PLLSAIRCLKFreq_Value,PLLSAIoutputFreq_Value,RNGFreq_Value,SAI1Freq_Value,SAI2Freq_Value,SDMMCFreq_Value,SPDIFRXFreq_Value,USBFreq_Value,VCOI2SOutputFreq_Value,VCOInputFreq_Value,VCOOutputFreq_Value,VCOSAIOutputFreq_Value
PH1/OSC_OUT.Mode=HSE-External-Oscillator
ProjectManager.AskForMigrate=true
Mcu.Name=STM32F746IGTx
Dma.RequestsNb=2
PB6.GPIOParameters=GPIO_Label
RCC.PLLI2SQCLKFreq_Value=96000000
ProjectManager.HalAssertFull=false
Dma.USART3_TX.1.FIFOMode=DMA_FIFOMODE_DISABLE
Dma.USART3_TX.1.Priority=DMA_PRIORITY_VERY_HIGH
ProjectManager.ProjectName=NG_v1
ProjectManager.UnderRoot=true
ProjectManager.CoupleFile=false
PB7.GPIO_Label=LED2
Dma.USART3_RX.0.Direction=DMA_PERIPH_TO_MEMORY
Mcu.Package=LQFP176
Dma.USART3_RX.0.Priority=DMA_PRIORITY_VERY_HIGH
NVIC.ForceEnableDMAVector=true
KeepUserPlacement=false
PC14/OSC32_IN.Signal=RCC_OSC32_IN
NVIC.MemoryManagement_IRQn=true\:0\:0\:false\:false\:true\:false\:false
PC15/OSC32_OUT.Mode=LSE-External-Oscillator
ProjectManager.CompilerOptimize=6
ProjectManager.ToolChainLocation=
RCC.LSI_VALUE=32000
VP_SYS_VS_Systick.Signal=SYS_VS_Systick
USART3.IPParameters=VirtualMode-Asynchronous,BaudRate
PA14.Signal=SYS_JTCK-SWCLK
ProjectManager.HeapSize=0x200
NVIC.HardFault_IRQn=true\:0\:0\:false\:false\:true\:false\:false
Dma.USART3_RX.0.MemInc=DMA_MINC_ENABLE
ProjectManager.ComputerToolchain=false
RCC.HSI_VALUE=16000000
NVIC.PriorityGroup=NVIC_PRIORITYGROUP_4
Dma.USART3_TX.1.Direction=DMA_MEMORY_TO_PERIPH
Mcu.Pin10=VP_SYS_VS_Systick
RCC.CECFreq_Value=32786.88524590164
PB7.Locked=true
Dma.Request1=USART3_TX
NVIC.BusFault_IRQn=true\:0\:0\:false\:false\:true\:false\:false
NVIC.DMA1_Stream3_IRQn=true\:0\:0\:false\:false\:true\:false\:true
PC15/OSC32_OUT.Signal=RCC_OSC32_OUT
Dma.USART3_TX.1.PeriphInc=DMA_PINC_DISABLE
PD9.Locked=true
Dma.Request0=USART3_RX
Dma.USART3_RX.0.RequestParameters=Instance,Direction,PeriphInc,MemInc,PeriphDataAlignment,MemDataAlignment,Mode,Priority,FIFOMode
ProjectManager.CustomerFirmwarePackage=
ProjectManager.DeviceId=STM32F746IGTx
ProjectManager.LibraryCopy=1
RCC.PLLSAIQCLKFreq_Value=96000000
isbadioc=false
